
Microsoft Visual Studio Solution File, Format Version 12.00
# Visual Studio Version 16
VisualStudioVersion = 16.0.30320.27
MinimumVisualStudioVersion = 10.0.40219.1
Project("{FAE04EC0-301F-11D3-BF4B-00C04F79EFBC}") = "Mendoza_Vega", "Mendoza_Vega\Mendoza_Vega.csproj", "{74EDC9CA-3FB9-4797-8F23-ADE5602E3CB0}"
EndProject
Global
	GlobalSection(SolutionConfigurationPlatforms) = preSolution
		Debug|Any CPU = Debug|Any CPU
		Release|Any CPU = Release|Any CPU
	EndGlobalSection
	GlobalSection(ProjectConfigurationPlatforms) = postSolution
		{74EDC9CA-3FB9-4797-8F23-ADE5602E3CB0}.Debug|Any CPU.ActiveCfg = Debug|Any CPU
		{74EDC9CA-3FB9-4797-8F23-ADE5602E3CB0}.Debug|Any CPU.Build.0 = Debug|Any CPU
		{74EDC9CA-3FB9-4797-8F23-ADE5602E3CB0}.Release|Any CPU.ActiveCfg = Release|Any CPU
		{74EDC9CA-3FB9-4797-8F23-ADE5602E3CB0}.Release|Any CPU.Build.0 = Release|Any CPU
	EndGlobalSection
	GlobalSection(SolutionProperties) = preSolution
		HideSolutionNode = FALSE
	EndGlobalSection
	GlobalSection(ExtensibilityGlobals) = postSolution
		SolutionGuid = {70D20D39-1071-4DC4-AFEE-E82005BEB1DC}
	EndGlobalSection
EndGlobal
