
Microsoft Visual Studio Solution File, Format Version 12.00
# Visual Studio Version 16
VisualStudioVersion = 16.0.30523.141
MinimumVisualStudioVersion = 10.0.40219.1
Project("{FAE04EC0-301F-11D3-BF4B-00C04F79EFBC}") = "PrConstructor_Perro", "PrConstructor_Perro\PrConstructor_Perro.csproj", "{A2E021B6-62C0-460A-AB6C-39AF66E45904}"
EndProject
Global
	GlobalSection(SolutionConfigurationPlatforms) = preSolution
		Debug|Any CPU = Debug|Any CPU
		Release|Any CPU = Release|Any CPU
	EndGlobalSection
	GlobalSection(ProjectConfigurationPlatforms) = postSolution
		{A2E021B6-62C0-460A-AB6C-39AF66E45904}.Debug|Any CPU.ActiveCfg = Debug|Any CPU
		{A2E021B6-62C0-460A-AB6C-39AF66E45904}.Debug|Any CPU.Build.0 = Debug|Any CPU
		{A2E021B6-62C0-460A-AB6C-39AF66E45904}.Release|Any CPU.ActiveCfg = Release|Any CPU
		{A2E021B6-62C0-460A-AB6C-39AF66E45904}.Release|Any CPU.Build.0 = Release|Any CPU
	EndGlobalSection
	GlobalSection(SolutionProperties) = preSolution
		HideSolutionNode = FALSE
	EndGlobalSection
	GlobalSection(ExtensibilityGlobals) = postSolution
		SolutionGuid = {DF2AB483-499C-4CE6-B7C7-AC97426A3239}
	EndGlobalSection
EndGlobal
