
Microsoft Visual Studio Solution File, Format Version 12.00
# Visual Studio Version 16
VisualStudioVersion = 16.0.30523.141
MinimumVisualStudioVersion = 10.0.40219.1
Project("{FAE04EC0-301F-11D3-BF4B-00C04F79EFBC}") = "PrNumeroPar", "PrNumeroPar\PrNumeroPar.csproj", "{98497113-F1B5-4880-B206-6E7E41FD392C}"
EndProject
Global
	GlobalSection(SolutionConfigurationPlatforms) = preSolution
		Debug|Any CPU = Debug|Any CPU
		Release|Any CPU = Release|Any CPU
	EndGlobalSection
	GlobalSection(ProjectConfigurationPlatforms) = postSolution
		{98497113-F1B5-4880-B206-6E7E41FD392C}.Debug|Any CPU.ActiveCfg = Debug|Any CPU
		{98497113-F1B5-4880-B206-6E7E41FD392C}.Debug|Any CPU.Build.0 = Debug|Any CPU
		{98497113-F1B5-4880-B206-6E7E41FD392C}.Release|Any CPU.ActiveCfg = Release|Any CPU
		{98497113-F1B5-4880-B206-6E7E41FD392C}.Release|Any CPU.Build.0 = Release|Any CPU
	EndGlobalSection
	GlobalSection(SolutionProperties) = preSolution
		HideSolutionNode = FALSE
	EndGlobalSection
	GlobalSection(ExtensibilityGlobals) = postSolution
		SolutionGuid = {2BAA5E70-74CB-458D-99AD-FEC51AE23E3D}
	EndGlobalSection
EndGlobal
