
Microsoft Visual Studio Solution File, Format Version 12.00
# Visual Studio Version 16
VisualStudioVersion = 16.0.30611.23
MinimumVisualStudioVersion = 10.0.40219.1
Project("{FAE04EC0-301F-11D3-BF4B-00C04F79EFBC}") = "CalculoSueldo", "CalculoSueldo\CalculoSueldo.csproj", "{5C232842-1DA6-43AB-BDC9-3349EE031E8C}"
EndProject
Global
	GlobalSection(SolutionConfigurationPlatforms) = preSolution
		Debug|Any CPU = Debug|Any CPU
		Release|Any CPU = Release|Any CPU
	EndGlobalSection
	GlobalSection(ProjectConfigurationPlatforms) = postSolution
		{5C232842-1DA6-43AB-BDC9-3349EE031E8C}.Debug|Any CPU.ActiveCfg = Debug|Any CPU
		{5C232842-1DA6-43AB-BDC9-3349EE031E8C}.Debug|Any CPU.Build.0 = Debug|Any CPU
		{5C232842-1DA6-43AB-BDC9-3349EE031E8C}.Release|Any CPU.ActiveCfg = Release|Any CPU
		{5C232842-1DA6-43AB-BDC9-3349EE031E8C}.Release|Any CPU.Build.0 = Release|Any CPU
	EndGlobalSection
	GlobalSection(SolutionProperties) = preSolution
		HideSolutionNode = FALSE
	EndGlobalSection
	GlobalSection(ExtensibilityGlobals) = postSolution
		SolutionGuid = {9054D809-2DF7-4A03-847F-5BF49175D9DF}
	EndGlobalSection
EndGlobal
