
Microsoft Visual Studio Solution File, Format Version 12.00
# Visual Studio Version 16
VisualStudioVersion = 16.0.30517.126
MinimumVisualStudioVersion = 10.0.40219.1
Project("{FAE04EC0-301F-11D3-BF4B-00C04F79EFBC}") = "PrSumar", "PrSumar\PrSumar.csproj", "{CEF2E654-4C02-4ED8-8A82-61DD10E27468}"
EndProject
Global
	GlobalSection(SolutionConfigurationPlatforms) = preSolution
		Debug|Any CPU = Debug|Any CPU
		Release|Any CPU = Release|Any CPU
	EndGlobalSection
	GlobalSection(ProjectConfigurationPlatforms) = postSolution
		{CEF2E654-4C02-4ED8-8A82-61DD10E27468}.Debug|Any CPU.ActiveCfg = Debug|Any CPU
		{CEF2E654-4C02-4ED8-8A82-61DD10E27468}.Debug|Any CPU.Build.0 = Debug|Any CPU
		{CEF2E654-4C02-4ED8-8A82-61DD10E27468}.Release|Any CPU.ActiveCfg = Release|Any CPU
		{CEF2E654-4C02-4ED8-8A82-61DD10E27468}.Release|Any CPU.Build.0 = Release|Any CPU
	EndGlobalSection
	GlobalSection(SolutionProperties) = preSolution
		HideSolutionNode = FALSE
	EndGlobalSection
	GlobalSection(ExtensibilityGlobals) = postSolution
		SolutionGuid = {9B195EE5-1DA6-4FAD-A669-B1D8A5DF40A1}
	EndGlobalSection
EndGlobal
