
Microsoft Visual Studio Solution File, Format Version 12.00
# Visual Studio Version 16
VisualStudioVersion = 16.0.30523.141
MinimumVisualStudioVersion = 10.0.40219.1
Project("{FAE04EC0-301F-11D3-BF4B-00C04F79EFBC}") = "PrContructor_Perro2", "PrContructor_Perro2\PrContructor_Perro2.csproj", "{17154746-BDD3-41D9-B65D-65794EAA41B6}"
EndProject
Global
	GlobalSection(SolutionConfigurationPlatforms) = preSolution
		Debug|Any CPU = Debug|Any CPU
		Release|Any CPU = Release|Any CPU
	EndGlobalSection
	GlobalSection(ProjectConfigurationPlatforms) = postSolution
		{17154746-BDD3-41D9-B65D-65794EAA41B6}.Debug|Any CPU.ActiveCfg = Debug|Any CPU
		{17154746-BDD3-41D9-B65D-65794EAA41B6}.Debug|Any CPU.Build.0 = Debug|Any CPU
		{17154746-BDD3-41D9-B65D-65794EAA41B6}.Release|Any CPU.ActiveCfg = Release|Any CPU
		{17154746-BDD3-41D9-B65D-65794EAA41B6}.Release|Any CPU.Build.0 = Release|Any CPU
	EndGlobalSection
	GlobalSection(SolutionProperties) = preSolution
		HideSolutionNode = FALSE
	EndGlobalSection
	GlobalSection(ExtensibilityGlobals) = postSolution
		SolutionGuid = {72A3F72E-8508-402B-AB7B-F19496B11A9D}
	EndGlobalSection
EndGlobal
