
Microsoft Visual Studio Solution File, Format Version 12.00
# Visual Studio Version 16
VisualStudioVersion = 16.0.30523.141
MinimumVisualStudioVersion = 10.0.40219.1
Project("{FAE04EC0-301F-11D3-BF4B-00C04F79EFBC}") = "Rectangulo2", "Rectangulo2\Rectangulo2.csproj", "{FA4B926D-C37D-4EB2-8219-894E34A1EF41}"
EndProject
Global
	GlobalSection(SolutionConfigurationPlatforms) = preSolution
		Debug|Any CPU = Debug|Any CPU
		Release|Any CPU = Release|Any CPU
	EndGlobalSection
	GlobalSection(ProjectConfigurationPlatforms) = postSolution
		{FA4B926D-C37D-4EB2-8219-894E34A1EF41}.Debug|Any CPU.ActiveCfg = Debug|Any CPU
		{FA4B926D-C37D-4EB2-8219-894E34A1EF41}.Debug|Any CPU.Build.0 = Debug|Any CPU
		{FA4B926D-C37D-4EB2-8219-894E34A1EF41}.Release|Any CPU.ActiveCfg = Release|Any CPU
		{FA4B926D-C37D-4EB2-8219-894E34A1EF41}.Release|Any CPU.Build.0 = Release|Any CPU
	EndGlobalSection
	GlobalSection(SolutionProperties) = preSolution
		HideSolutionNode = FALSE
	EndGlobalSection
	GlobalSection(ExtensibilityGlobals) = postSolution
		SolutionGuid = {0B2FCFCD-E5DE-4D61-A0AF-23975BEA77D7}
	EndGlobalSection
EndGlobal
