
Microsoft Visual Studio Solution File, Format Version 12.00
# Visual Studio Version 16
VisualStudioVersion = 16.0.30517.126
MinimumVisualStudioVersion = 10.0.40219.1
Project("{FAE04EC0-301F-11D3-BF4B-00C04F79EFBC}") = "PrTienda", "PrTienda\PrTienda.csproj", "{C8EBDC0C-73E0-4C9D-AC19-0D6A7B932A03}"
EndProject
Global
	GlobalSection(SolutionConfigurationPlatforms) = preSolution
		Debug|Any CPU = Debug|Any CPU
		Release|Any CPU = Release|Any CPU
	EndGlobalSection
	GlobalSection(ProjectConfigurationPlatforms) = postSolution
		{C8EBDC0C-73E0-4C9D-AC19-0D6A7B932A03}.Debug|Any CPU.ActiveCfg = Debug|Any CPU
		{C8EBDC0C-73E0-4C9D-AC19-0D6A7B932A03}.Debug|Any CPU.Build.0 = Debug|Any CPU
		{C8EBDC0C-73E0-4C9D-AC19-0D6A7B932A03}.Release|Any CPU.ActiveCfg = Release|Any CPU
		{C8EBDC0C-73E0-4C9D-AC19-0D6A7B932A03}.Release|Any CPU.Build.0 = Release|Any CPU
	EndGlobalSection
	GlobalSection(SolutionProperties) = preSolution
		HideSolutionNode = FALSE
	EndGlobalSection
	GlobalSection(ExtensibilityGlobals) = postSolution
		SolutionGuid = {C5D50945-8FEA-4B27-A585-C2B1F4D60A4D}
	EndGlobalSection
EndGlobal
