
Microsoft Visual Studio Solution File, Format Version 12.00
# Visual Studio Version 16
VisualStudioVersion = 16.0.30320.27
MinimumVisualStudioVersion = 10.0.40219.1
Project("{FAE04EC0-301F-11D3-BF4B-00C04F79EFBC}") = "ejercicio3", "ejercicio3\ejercicio3.csproj", "{2F959BE4-3534-452F-9BD2-D30943304BEF}"
EndProject
Global
	GlobalSection(SolutionConfigurationPlatforms) = preSolution
		Debug|Any CPU = Debug|Any CPU
		Release|Any CPU = Release|Any CPU
	EndGlobalSection
	GlobalSection(ProjectConfigurationPlatforms) = postSolution
		{2F959BE4-3534-452F-9BD2-D30943304BEF}.Debug|Any CPU.ActiveCfg = Debug|Any CPU
		{2F959BE4-3534-452F-9BD2-D30943304BEF}.Debug|Any CPU.Build.0 = Debug|Any CPU
		{2F959BE4-3534-452F-9BD2-D30943304BEF}.Release|Any CPU.ActiveCfg = Release|Any CPU
		{2F959BE4-3534-452F-9BD2-D30943304BEF}.Release|Any CPU.Build.0 = Release|Any CPU
	EndGlobalSection
	GlobalSection(SolutionProperties) = preSolution
		HideSolutionNode = FALSE
	EndGlobalSection
	GlobalSection(ExtensibilityGlobals) = postSolution
		SolutionGuid = {D53B6F22-2FF8-4AF4-876E-88D9F0ADF8CB}
	EndGlobalSection
EndGlobal
