
Microsoft Visual Studio Solution File, Format Version 12.00
# Visual Studio Version 16
VisualStudioVersion = 16.0.30320.27
MinimumVisualStudioVersion = 10.0.40219.1
Project("{FAE04EC0-301F-11D3-BF4B-00C04F79EFBC}") = "ejercicio4", "ejercicio4\ejercicio4.csproj", "{D0DA44B9-BD1B-423A-9FF0-B097D7A5A6A1}"
EndProject
Global
	GlobalSection(SolutionConfigurationPlatforms) = preSolution
		Debug|Any CPU = Debug|Any CPU
		Release|Any CPU = Release|Any CPU
	EndGlobalSection
	GlobalSection(ProjectConfigurationPlatforms) = postSolution
		{D0DA44B9-BD1B-423A-9FF0-B097D7A5A6A1}.Debug|Any CPU.ActiveCfg = Debug|Any CPU
		{D0DA44B9-BD1B-423A-9FF0-B097D7A5A6A1}.Debug|Any CPU.Build.0 = Debug|Any CPU
		{D0DA44B9-BD1B-423A-9FF0-B097D7A5A6A1}.Release|Any CPU.ActiveCfg = Release|Any CPU
		{D0DA44B9-BD1B-423A-9FF0-B097D7A5A6A1}.Release|Any CPU.Build.0 = Release|Any CPU
	EndGlobalSection
	GlobalSection(SolutionProperties) = preSolution
		HideSolutionNode = FALSE
	EndGlobalSection
	GlobalSection(ExtensibilityGlobals) = postSolution
		SolutionGuid = {A7A815B0-76EB-44DA-87E2-33AEE7710FBE}
	EndGlobalSection
EndGlobal
