
Microsoft Visual Studio Solution File, Format Version 12.00
# Visual Studio Version 16
VisualStudioVersion = 16.0.30517.126
MinimumVisualStudioVersion = 10.0.40219.1
Project("{FAE04EC0-301F-11D3-BF4B-00C04F79EFBC}") = "PrDatosPersonales", "PrDatosPersonales\PrDatosPersonales.csproj", "{D9AD5B55-D179-4E0F-8D52-D27FAD6CF3CB}"
EndProject
Global
	GlobalSection(SolutionConfigurationPlatforms) = preSolution
		Debug|Any CPU = Debug|Any CPU
		Release|Any CPU = Release|Any CPU
	EndGlobalSection
	GlobalSection(ProjectConfigurationPlatforms) = postSolution
		{D9AD5B55-D179-4E0F-8D52-D27FAD6CF3CB}.Debug|Any CPU.ActiveCfg = Debug|Any CPU
		{D9AD5B55-D179-4E0F-8D52-D27FAD6CF3CB}.Debug|Any CPU.Build.0 = Debug|Any CPU
		{D9AD5B55-D179-4E0F-8D52-D27FAD6CF3CB}.Release|Any CPU.ActiveCfg = Release|Any CPU
		{D9AD5B55-D179-4E0F-8D52-D27FAD6CF3CB}.Release|Any CPU.Build.0 = Release|Any CPU
	EndGlobalSection
	GlobalSection(SolutionProperties) = preSolution
		HideSolutionNode = FALSE
	EndGlobalSection
	GlobalSection(ExtensibilityGlobals) = postSolution
		SolutionGuid = {25B35378-4FCD-4A80-BCA0-DB0567E65894}
	EndGlobalSection
EndGlobal
