
Microsoft Visual Studio Solution File, Format Version 12.00
# Visual Studio Version 16
VisualStudioVersion = 16.0.30611.23
MinimumVisualStudioVersion = 10.0.40219.1
Project("{FAE04EC0-301F-11D3-BF4B-00C04F79EFBC}") = "Forma5", "Forma5\Forma5.csproj", "{427FD074-0747-4582-8A11-15E3366910D4}"
EndProject
Global
	GlobalSection(SolutionConfigurationPlatforms) = preSolution
		Debug|Any CPU = Debug|Any CPU
		Release|Any CPU = Release|Any CPU
	EndGlobalSection
	GlobalSection(ProjectConfigurationPlatforms) = postSolution
		{427FD074-0747-4582-8A11-15E3366910D4}.Debug|Any CPU.ActiveCfg = Debug|Any CPU
		{427FD074-0747-4582-8A11-15E3366910D4}.Debug|Any CPU.Build.0 = Debug|Any CPU
		{427FD074-0747-4582-8A11-15E3366910D4}.Release|Any CPU.ActiveCfg = Release|Any CPU
		{427FD074-0747-4582-8A11-15E3366910D4}.Release|Any CPU.Build.0 = Release|Any CPU
	EndGlobalSection
	GlobalSection(SolutionProperties) = preSolution
		HideSolutionNode = FALSE
	EndGlobalSection
	GlobalSection(ExtensibilityGlobals) = postSolution
		SolutionGuid = {A0104247-F0F7-45D9-9C9E-30F70A4AAD29}
	EndGlobalSection
EndGlobal
