
Microsoft Visual Studio Solution File, Format Version 12.00
# Visual Studio Version 16
VisualStudioVersion = 16.0.30621.155
MinimumVisualStudioVersion = 10.0.40219.1
Project("{FAE04EC0-301F-11D3-BF4B-00C04F79EFBC}") = "FrmEjercicio1", "FrmEjercicio1.csproj", "{59068003-6FC4-415A-ACFC-7B8CD016BFFC}"
EndProject
Global
	GlobalSection(SolutionConfigurationPlatforms) = preSolution
		Debug|Any CPU = Debug|Any CPU
		Release|Any CPU = Release|Any CPU
	EndGlobalSection
	GlobalSection(ProjectConfigurationPlatforms) = postSolution
		{59068003-6FC4-415A-ACFC-7B8CD016BFFC}.Debug|Any CPU.ActiveCfg = Debug|Any CPU
		{59068003-6FC4-415A-ACFC-7B8CD016BFFC}.Debug|Any CPU.Build.0 = Debug|Any CPU
		{59068003-6FC4-415A-ACFC-7B8CD016BFFC}.Release|Any CPU.ActiveCfg = Release|Any CPU
		{59068003-6FC4-415A-ACFC-7B8CD016BFFC}.Release|Any CPU.Build.0 = Release|Any CPU
	EndGlobalSection
	GlobalSection(SolutionProperties) = preSolution
		HideSolutionNode = FALSE
	EndGlobalSection
	GlobalSection(ExtensibilityGlobals) = postSolution
		SolutionGuid = {18C0F221-0F85-4E28-9299-629101B1B759}
	EndGlobalSection
EndGlobal
