
Microsoft Visual Studio Solution File, Format Version 12.00
# Visual Studio Version 16
VisualStudioVersion = 16.0.30611.23
MinimumVisualStudioVersion = 10.0.40219.1
Project("{FAE04EC0-301F-11D3-BF4B-00C04F79EFBC}") = "Calculadora", "Calculadora\Calculadora.csproj", "{4CBFD189-5D26-46D3-A7BD-26A24898D50C}"
EndProject
Global
	GlobalSection(SolutionConfigurationPlatforms) = preSolution
		Debug|Any CPU = Debug|Any CPU
		Release|Any CPU = Release|Any CPU
	EndGlobalSection
	GlobalSection(ProjectConfigurationPlatforms) = postSolution
		{4CBFD189-5D26-46D3-A7BD-26A24898D50C}.Debug|Any CPU.ActiveCfg = Debug|Any CPU
		{4CBFD189-5D26-46D3-A7BD-26A24898D50C}.Debug|Any CPU.Build.0 = Debug|Any CPU
		{4CBFD189-5D26-46D3-A7BD-26A24898D50C}.Release|Any CPU.ActiveCfg = Release|Any CPU
		{4CBFD189-5D26-46D3-A7BD-26A24898D50C}.Release|Any CPU.Build.0 = Release|Any CPU
	EndGlobalSection
	GlobalSection(SolutionProperties) = preSolution
		HideSolutionNode = FALSE
	EndGlobalSection
	GlobalSection(ExtensibilityGlobals) = postSolution
		SolutionGuid = {D4FAE7BB-28D0-44A2-9A4F-11B46D1BA140}
	EndGlobalSection
EndGlobal
