
Microsoft Visual Studio Solution File, Format Version 12.00
# Visual Studio Version 16
VisualStudioVersion = 16.0.30611.23
MinimumVisualStudioVersion = 10.0.40219.1
Project("{FAE04EC0-301F-11D3-BF4B-00C04F79EFBC}") = "Suma", "Suma\Suma.csproj", "{EE012E4B-BE3B-438B-911B-D4833BC0BEC7}"
EndProject
Global
	GlobalSection(SolutionConfigurationPlatforms) = preSolution
		Debug|Any CPU = Debug|Any CPU
		Release|Any CPU = Release|Any CPU
	EndGlobalSection
	GlobalSection(ProjectConfigurationPlatforms) = postSolution
		{EE012E4B-BE3B-438B-911B-D4833BC0BEC7}.Debug|Any CPU.ActiveCfg = Debug|Any CPU
		{EE012E4B-BE3B-438B-911B-D4833BC0BEC7}.Debug|Any CPU.Build.0 = Debug|Any CPU
		{EE012E4B-BE3B-438B-911B-D4833BC0BEC7}.Release|Any CPU.ActiveCfg = Release|Any CPU
		{EE012E4B-BE3B-438B-911B-D4833BC0BEC7}.Release|Any CPU.Build.0 = Release|Any CPU
	EndGlobalSection
	GlobalSection(SolutionProperties) = preSolution
		HideSolutionNode = FALSE
	EndGlobalSection
	GlobalSection(ExtensibilityGlobals) = postSolution
		SolutionGuid = {7E308B62-75A1-4242-81AC-AE13350E1447}
	EndGlobalSection
EndGlobal
