
Microsoft Visual Studio Solution File, Format Version 12.00
# Visual Studio Version 16
VisualStudioVersion = 16.0.30611.23
MinimumVisualStudioVersion = 10.0.40219.1
Project("{FAE04EC0-301F-11D3-BF4B-00C04F79EFBC}") = "Forma3", "Forma3\Forma3.csproj", "{8F148ACE-E6D5-4FB0-87C5-8BD78994F7C1}"
EndProject
Global
	GlobalSection(SolutionConfigurationPlatforms) = preSolution
		Debug|Any CPU = Debug|Any CPU
		Release|Any CPU = Release|Any CPU
	EndGlobalSection
	GlobalSection(ProjectConfigurationPlatforms) = postSolution
		{8F148ACE-E6D5-4FB0-87C5-8BD78994F7C1}.Debug|Any CPU.ActiveCfg = Debug|Any CPU
		{8F148ACE-E6D5-4FB0-87C5-8BD78994F7C1}.Debug|Any CPU.Build.0 = Debug|Any CPU
		{8F148ACE-E6D5-4FB0-87C5-8BD78994F7C1}.Release|Any CPU.ActiveCfg = Release|Any CPU
		{8F148ACE-E6D5-4FB0-87C5-8BD78994F7C1}.Release|Any CPU.Build.0 = Release|Any CPU
	EndGlobalSection
	GlobalSection(SolutionProperties) = preSolution
		HideSolutionNode = FALSE
	EndGlobalSection
	GlobalSection(ExtensibilityGlobals) = postSolution
		SolutionGuid = {D93371D4-849A-4660-9411-5D22228BB0C7}
	EndGlobalSection
EndGlobal
