
Microsoft Visual Studio Solution File, Format Version 12.00
# Visual Studio Version 16
VisualStudioVersion = 16.0.30523.141
MinimumVisualStudioVersion = 10.0.40219.1
Project("{FAE04EC0-301F-11D3-BF4B-00C04F79EFBC}") = "PrEstudiantes", "PrEstudiantes\PrEstudiantes.csproj", "{415CAA38-9B49-47C3-B5EA-BD5B256636A7}"
EndProject
Global
	GlobalSection(SolutionConfigurationPlatforms) = preSolution
		Debug|Any CPU = Debug|Any CPU
		Release|Any CPU = Release|Any CPU
	EndGlobalSection
	GlobalSection(ProjectConfigurationPlatforms) = postSolution
		{415CAA38-9B49-47C3-B5EA-BD5B256636A7}.Debug|Any CPU.ActiveCfg = Debug|Any CPU
		{415CAA38-9B49-47C3-B5EA-BD5B256636A7}.Debug|Any CPU.Build.0 = Debug|Any CPU
		{415CAA38-9B49-47C3-B5EA-BD5B256636A7}.Release|Any CPU.ActiveCfg = Release|Any CPU
		{415CAA38-9B49-47C3-B5EA-BD5B256636A7}.Release|Any CPU.Build.0 = Release|Any CPU
	EndGlobalSection
	GlobalSection(SolutionProperties) = preSolution
		HideSolutionNode = FALSE
	EndGlobalSection
	GlobalSection(ExtensibilityGlobals) = postSolution
		SolutionGuid = {262C7BE9-BBE3-4B79-8D71-41CCFDC4D64A}
	EndGlobalSection
EndGlobal
