
Microsoft Visual Studio Solution File, Format Version 12.00
# Visual Studio Version 16
VisualStudioVersion = 16.0.30517.126
MinimumVisualStudioVersion = 10.0.40219.1
Project("{FAE04EC0-301F-11D3-BF4B-00C04F79EFBC}") = "PrNumParImpar", "PrNumParImpar\PrNumParImpar.csproj", "{53B142AE-C17B-4FDF-8289-70DC54DC98F5}"
EndProject
Global
	GlobalSection(SolutionConfigurationPlatforms) = preSolution
		Debug|Any CPU = Debug|Any CPU
		Release|Any CPU = Release|Any CPU
	EndGlobalSection
	GlobalSection(ProjectConfigurationPlatforms) = postSolution
		{53B142AE-C17B-4FDF-8289-70DC54DC98F5}.Debug|Any CPU.ActiveCfg = Debug|Any CPU
		{53B142AE-C17B-4FDF-8289-70DC54DC98F5}.Debug|Any CPU.Build.0 = Debug|Any CPU
		{53B142AE-C17B-4FDF-8289-70DC54DC98F5}.Release|Any CPU.ActiveCfg = Release|Any CPU
		{53B142AE-C17B-4FDF-8289-70DC54DC98F5}.Release|Any CPU.Build.0 = Release|Any CPU
	EndGlobalSection
	GlobalSection(SolutionProperties) = preSolution
		HideSolutionNode = FALSE
	EndGlobalSection
	GlobalSection(ExtensibilityGlobals) = postSolution
		SolutionGuid = {D016761B-9E9A-413C-B14C-405749189B44}
	EndGlobalSection
EndGlobal
