
Microsoft Visual Studio Solution File, Format Version 12.00
# Visual Studio Version 16
VisualStudioVersion = 16.0.30517.126
MinimumVisualStudioVersion = 10.0.40219.1
Project("{FAE04EC0-301F-11D3-BF4B-00C04F79EFBC}") = "SueldoVendedores", "SueldoVendedores\SueldoVendedores.csproj", "{B348EDCF-43EF-47F0-9241-F50F7B495E75}"
EndProject
Global
	GlobalSection(SolutionConfigurationPlatforms) = preSolution
		Debug|Any CPU = Debug|Any CPU
		Release|Any CPU = Release|Any CPU
	EndGlobalSection
	GlobalSection(ProjectConfigurationPlatforms) = postSolution
		{B348EDCF-43EF-47F0-9241-F50F7B495E75}.Debug|Any CPU.ActiveCfg = Debug|Any CPU
		{B348EDCF-43EF-47F0-9241-F50F7B495E75}.Debug|Any CPU.Build.0 = Debug|Any CPU
		{B348EDCF-43EF-47F0-9241-F50F7B495E75}.Release|Any CPU.ActiveCfg = Release|Any CPU
		{B348EDCF-43EF-47F0-9241-F50F7B495E75}.Release|Any CPU.Build.0 = Release|Any CPU
	EndGlobalSection
	GlobalSection(SolutionProperties) = preSolution
		HideSolutionNode = FALSE
	EndGlobalSection
	GlobalSection(ExtensibilityGlobals) = postSolution
		SolutionGuid = {C394CFAF-966F-4CB6-BA7F-D40B4333F8D2}
	EndGlobalSection
EndGlobal
