
Microsoft Visual Studio Solution File, Format Version 12.00
# Visual Studio Version 16
VisualStudioVersion = 16.0.30611.23
MinimumVisualStudioVersion = 10.0.40219.1
Project("{FAE04EC0-301F-11D3-BF4B-00C04F79EFBC}") = "Mendoza_Waldo_p3", "Mendoza_Waldo_p3\Mendoza_Waldo_p3.csproj", "{60646A66-6FFB-40E3-9D60-45C64D8991DE}"
EndProject
Global
	GlobalSection(SolutionConfigurationPlatforms) = preSolution
		Debug|Any CPU = Debug|Any CPU
		Release|Any CPU = Release|Any CPU
	EndGlobalSection
	GlobalSection(ProjectConfigurationPlatforms) = postSolution
		{60646A66-6FFB-40E3-9D60-45C64D8991DE}.Debug|Any CPU.ActiveCfg = Debug|Any CPU
		{60646A66-6FFB-40E3-9D60-45C64D8991DE}.Debug|Any CPU.Build.0 = Debug|Any CPU
		{60646A66-6FFB-40E3-9D60-45C64D8991DE}.Release|Any CPU.ActiveCfg = Release|Any CPU
		{60646A66-6FFB-40E3-9D60-45C64D8991DE}.Release|Any CPU.Build.0 = Release|Any CPU
	EndGlobalSection
	GlobalSection(SolutionProperties) = preSolution
		HideSolutionNode = FALSE
	EndGlobalSection
	GlobalSection(ExtensibilityGlobals) = postSolution
		SolutionGuid = {C1A93974-8A7F-46D1-B0EC-BE800181E23B}
	EndGlobalSection
EndGlobal
