
Microsoft Visual Studio Solution File, Format Version 12.00
# Visual Studio Version 16
VisualStudioVersion = 16.0.30611.23
MinimumVisualStudioVersion = 10.0.40219.1
Project("{FAE04EC0-301F-11D3-BF4B-00C04F79EFBC}") = "PrFormaDosD", "PrFormaDosD\PrFormaDosD.csproj", "{D18355FF-48FA-4B4C-8D5B-7C08E20BFDE6}"
EndProject
Global
	GlobalSection(SolutionConfigurationPlatforms) = preSolution
		Debug|Any CPU = Debug|Any CPU
		Release|Any CPU = Release|Any CPU
	EndGlobalSection
	GlobalSection(ProjectConfigurationPlatforms) = postSolution
		{D18355FF-48FA-4B4C-8D5B-7C08E20BFDE6}.Debug|Any CPU.ActiveCfg = Debug|Any CPU
		{D18355FF-48FA-4B4C-8D5B-7C08E20BFDE6}.Debug|Any CPU.Build.0 = Debug|Any CPU
		{D18355FF-48FA-4B4C-8D5B-7C08E20BFDE6}.Release|Any CPU.ActiveCfg = Release|Any CPU
		{D18355FF-48FA-4B4C-8D5B-7C08E20BFDE6}.Release|Any CPU.Build.0 = Release|Any CPU
	EndGlobalSection
	GlobalSection(SolutionProperties) = preSolution
		HideSolutionNode = FALSE
	EndGlobalSection
	GlobalSection(ExtensibilityGlobals) = postSolution
		SolutionGuid = {72A53876-BC13-437A-B929-046ACEC7B0E7}
	EndGlobalSection
EndGlobal
